
Microsoft Visual Studio Solution File, Format Version 12.00
# Visual Studio Version 17
VisualStudioVersion = 17.5.33516.290
MinimumVisualStudioVersion = 10.0.40219.1
Project("{FAE04EC0-301F-11D3-BF4B-00C04F79EFBC}") = "Resizer", "Resizer.csproj", "{E8144B5A-8CFA-4844-BA98-ABEBC3886E30}"
EndProject
Global
	GlobalSection(SolutionConfigurationPlatforms) = preSolution
		Debug|Any CPU = Debug|Any CPU
		Release|Any CPU = Release|Any CPU
	EndGlobalSection
	GlobalSection(ProjectConfigurationPlatforms) = postSolution
		{E8144B5A-8CFA-4844-BA98-ABEBC3886E30}.Debug|Any CPU.ActiveCfg = Debug|Any CPU
		{E8144B5A-8CFA-4844-BA98-ABEBC3886E30}.Debug|Any CPU.Build.0 = Debug|Any CPU
		{E8144B5A-8CFA-4844-BA98-ABEBC3886E30}.Release|Any CPU.ActiveCfg = Release|Any CPU
		{E8144B5A-8CFA-4844-BA98-ABEBC3886E30}.Release|Any CPU.Build.0 = Release|Any CPU
	EndGlobalSection
	GlobalSection(SolutionProperties) = preSolution
		HideSolutionNode = FALSE
	EndGlobalSection
	GlobalSection(ExtensibilityGlobals) = postSolution
		SolutionGuid = {9EC1DEA4-209E-4400-8061-A042C4DAF355}
	EndGlobalSection
EndGlobal
